github.com/lib/pq #dc911180b321e9b7e08aa94f20939ef0109b9b24
gopkg.in/fsnotify.v1 #f582d920d11386e8ae15227bb5933a8f9b4c3dec
gopkg.in/go-on/builtin.v1 #35240a879ac41b737a0a6a2c4b940dc4172fdbaf
gopkg.in/go-on/cdncache.v1 #fc3aa2f9f5490366ae6b19fe41d6b5d1cdc99856
gopkg.in/go-on/context.v1 #db458bd2390dbe922252f4508be1fedd31631d5a
gopkg.in/go-on/go-http-auth.v1 #0c7409b87f66b1b5037bbf9f866aa9d8f7fd135c
gopkg.in/go-on/go.uuid.v1 #a07c134f8289edd9ac6ee6f0aa5f3d345f4aaf27
gopkg.in/go-on/goagain.v1 #57df1cf1051bfefc45cdfdd9cab45cab973d56cf
gopkg.in/go-on/lib.v2 #677cb1a45ae749a656be4d472cdc2f7bf43f0f26
gopkg.in/go-on/manners.v1 #d86c2a5e749b4cfabf588be80a5c31709fecb22a
gopkg.in/go-on/mannersagain.v1 #dea8fca0792d8ffee3d9284c4ceb88d26f5ff5eb
gopkg.in/go-on/method.v1 #25dc14148b5e431a59ef8b17b2abb6f6d41193bb
gopkg.in/go-on/nosurf.v1 #d77c890bdde216c8331ba011698bf4e749bc788a
gopkg.in/go-on/queue.v2 #c535d4535fc36b3918d21329cba768e5fe536ee9
gopkg.in/go-on/router.v2 #038d3bbee9dc0ca8d5a7f7400b4fc4b795abcdd5
gopkg.in/go-on/securecookie.v1 #f0559d009e6943011cd1ba6eb16195cf5e0ed326
gopkg.in/go-on/sessions.v1 #00a2d6372d7b762e0e4596db9cd03ac6c54a46a0
gopkg.in/go-on/wrap-contrib-testing.v2 #e39ec3fbf759a3377fca4536ac5c3f00587ea285
gopkg.in/go-on/wrap-contrib.v2 #d0d08a5368aa611f066aaaaec89a45b48cff9adb
gopkg.in/go-on/wrap.v2 #544168af414c702f648d14fc90cd206b3e750c00
gopkg.in/metakeule/backtrace.v1 #bd523492241f375919137f4b41f909733c4d8369
gopkg.in/metakeule/dbwrap.v2 #d9ce94f7ab49cf7c164bb241e3b7edafcb207dc1
gopkg.in/metakeule/dispatch.v1 #8b101ef1c944b43be42ca34844b518165d9f31a8
gopkg.in/metakeule/fmtdate.v1 #f3a8cd4fec2383625be3e880c62f2a4fd3014d32
gopkg.in/metakeule/meta.v5 #d9e9512d8cd733f46e6ddbe76fa8078a326a245b
gopkg.in/metakeule/nil.v1 #9ae4447377764df6b3a75687db45b2f486d24764
gopkg.in/metakeule/pgsql.v5 #8e8eaa938f96e828cde048471d74ec292d40577d
gopkg.in/metakeule/typeconverter.v2 #43805962133650e6a57b89487e9fd11cb07f65b8
