gopkg.in/alexcesaro/quotedprintable.v1 #dacd4576c5aafefb89134351dfcf4fbe213cd998
gopkg.in/fsnotify.v1 #f582d920d11386e8ae15227bb5933a8f9b4c3dec
gopkg.in/go-on/builtin.v1 #de25b8da35ca8cf4d8e1a6a93c345d304bc92eb4
gopkg.in/go-on/cdncache.v1 #fc3aa2f9f5490366ae6b19fe41d6b5d1cdc99856
gopkg.in/go-on/context.v1 #db458bd2390dbe922252f4508be1fedd31631d5a
gopkg.in/go-on/go-http-auth.v1 #0c7409b87f66b1b5037bbf9f866aa9d8f7fd135c
gopkg.in/go-on/go.uuid.v1 #a07c134f8289edd9ac6ee6f0aa5f3d345f4aaf27
gopkg.in/go-on/goagain.v1 #57df1cf1051bfefc45cdfdd9cab45cab973d56cf
gopkg.in/go-on/lib.v2 #1f6e9018aec2e8e0fe6a587700bc9971431a745a
gopkg.in/go-on/manners.v1 #d86c2a5e749b4cfabf588be80a5c31709fecb22a
gopkg.in/go-on/mannersagain.v1 #dea8fca0792d8ffee3d9284c4ceb88d26f5ff5eb
gopkg.in/go-on/method.v1 #25dc14148b5e431a59ef8b17b2abb6f6d41193bb
gopkg.in/go-on/nosurf.v1 #4344e0f7be029daa4a4786e356890bddad7896bb
gopkg.in/go-on/pq.v2 #0d009c09e638b2bf41f73079f098b5a6a9200a3c
gopkg.in/go-on/queue.v2 #c535d4535fc36b3918d21329cba768e5fe536ee9
gopkg.in/go-on/router.v2 #cdc11cb206bc28367e5af907cb2e01aeb6fa3f2e
gopkg.in/go-on/securecookie.v1 #f0559d009e6943011cd1ba6eb16195cf5e0ed326
gopkg.in/go-on/sessions.v1 #00a2d6372d7b762e0e4596db9cd03ac6c54a46a0
gopkg.in/go-on/wrap-contrib-testing.v2 #ecd2d5e2f6adbb9d4379eea88b520f33ed7c5ff2
gopkg.in/go-on/wrap-contrib.v2 #d0d08a5368aa611f066aaaaec89a45b48cff9adb
gopkg.in/go-on/wrap.v2 #544168af414c702f648d14fc90cd206b3e750c00
gopkg.in/go-on/wsi.v1 #10adf0f31caadcf72de418e7709f33b63c695a4b
gopkg.in/gomail.v1 #d7294067b867578fbea56a07541dcd0c851e5c41
gopkg.in/metakeule/backtrace.v1 #520aa0f37f5fee5d4cbf5971aec66e73b62a8e66
gopkg.in/metakeule/config.v1 #07df82cf151dbc7f0bd363a6db771c471c7bd779
gopkg.in/metakeule/dbwrap.v2 #6de813dcb3dba600f1f87c699ce59626583ab9b4
gopkg.in/metakeule/dispatch.v1 #7ed9413eb83996247d0bd54e13f5d52fabe1ace8
gopkg.in/metakeule/fmtdate.v1 #f3a8cd4fec2383625be3e880c62f2a4fd3014d32
gopkg.in/metakeule/nil.v1 #9ae4447377764df6b3a75687db45b2f486d24764
gopkg.in/metakeule/nodouble.v1 #d9745cbf1775a86fbdfe52bc821c442a93c1974d
gopkg.in/metakeule/pgsql.v5 #b9ee27b701b58188f9464e5b62cb154043eadab5
gopkg.in/metakeule/scaffold.v1 #90fad96a23438e4395fca5e3ef5c4d5545274183
gopkg.in/metakeule/typeconverter.v2 #43805962133650e6a57b89487e9fd11cb07f65b8
